// !$*UTF8*$!
{
	archiveVersion = 1;
	classes = {
	};
	objectVersion = 46;
	objects = {

/* Begin PBXBuildFile section */
		7A49583A1DAF9C00006D4C41 /* main.m in Sources */ = {isa = PBXBuildFile; fileRef = 7A4958391DAF9C00006D4C41 /* main.m */; };
		7A49583D1DAF9C00006D4C41 /* AppDelegate.m in Sources */ = {isa = PBXBuildFile; fileRef = 7A49583C1DAF9C00006D4C41 /* AppDelegate.m */; };
		7A4958451DAF9C00006D4C41 /* Assets.xcassets in Resources */ = {isa = PBXBuildFile; fileRef = 7A4958441DAF9C00006D4C41 /* Assets.xcassets */; };
		7A4958481DAF9C00006D4C41 /* LaunchScreen.storyboard in Resources */ = {isa = PBXBuildFile; fileRef = 7A4958461DAF9C00006D4C41 /* LaunchScreen.storyboard */; };
		7A4958531DAF9C00006D4C41 /* HomepwnerTests.m in Sources */ = {isa = PBXBuildFile; fileRef = 7A4958521DAF9C00006D4C41 /* HomepwnerTests.m */; };
		7A49585E1DAF9C00006D4C41 /* HomepwnerUITests.m in Sources */ = {isa = PBXBuildFile; fileRef = 7A49585D1DAF9C00006D4C41 /* HomepwnerUITests.m */; };
		7A49586D1DAF9DD3006D4C41 /* MKItemsViewController.m in Sources */ = {isa = PBXBuildFile; fileRef = 7A49586C1DAF9DD3006D4C41 /* MKItemsViewController.m */; };
		7A4958701DAFA08F006D4C41 /* MKItem.m in Sources */ = {isa = PBXBuildFile; fileRef = 7A49586F1DAFA08F006D4C41 /* MKItem.m */; };
		7A74BB001DBC577B00B50BD9 /* MKDetailViewController.m in Sources */ = {isa = PBXBuildFile; fileRef = 7A74BAFE1DBC577B00B50BD9 /* MKDetailViewController.m */; };
		7A74BB011DBC577B00B50BD9 /* MKDetailViewController.xib in Resources */ = {isa = PBXBuildFile; fileRef = 7A74BAFF1DBC577B00B50BD9 /* MKDetailViewController.xib */; };
		7A9E1C2B1DB07A5F0032D96B /* MKItemStore.m in Sources */ = {isa = PBXBuildFile; fileRef = 7A9E1C2A1DB07A5F0032D96B /* MKItemStore.m */; };
		7A9E1C2D1DB0D40A0032D96B /* HeaderView.xib in Resources */ = {isa = PBXBuildFile; fileRef = 7A9E1C2C1DB0D40A0032D96B /* HeaderView.xib */; };
/* End PBXBuildFile section */

/* Begin PBXContainerItemProxy section */
		7A49584F1DAF9C00006D4C41 /* PBXContainerItemProxy */ = {
			isa = PBXContainerItemProxy;
			containerPortal = 7A49582D1DAF9C00006D4C41 /* Project object */;
			proxyType = 1;
			remoteGlobalIDString = 7A4958341DAF9C00006D4C41;
			remoteInfo = Homepwner;
		};
		7A49585A1DAF9C00006D4C41 /* PBXContainerItemProxy */ = {
			isa = PBXContainerItemProxy;
			containerPortal = 7A49582D1DAF9C00006D4C41 /* Project object */;
			proxyType = 1;
			remoteGlobalIDString = 7A4958341DAF9C00006D4C41;
			remoteInfo = Homepwner;
		};
/* End PBXContainerItemProxy section */

/* Begin PBXFileReference section */
		7A4958351DAF9C00006D4C41 /* Homepwner.app */ = {isa = PBXFileReference; explicitFileType = wrapper.application; includeInIndex = 0; path = Homepwner.app; sourceTree = BUILT_PRODUCTS_DIR; };
		7A4958391DAF9C00006D4C41 /* main.m */ = {isa = PBXFileReference; lastKnownFileType = sourcecode.c.objc; path = main.m; sourceTree = "<group>"; };
		7A49583B1DAF9C00006D4C41 /* AppDelegate.h */ = {isa = PBXFileReference; lastKnownFileType = sourcecode.c.h; path = AppDelegate.h; sourceTree = "<group>"; };
		7A49583C1DAF9C00006D4C41 /* AppDelegate.m */ = {isa = PBXFileReference; lastKnownFileType = sourcecode.c.objc; path = AppDelegate.m; sourceTree = "<group>"; };
		7A4958441DAF9C00006D4C41 /* Assets.xcassets */ = {isa = PBXFileReference; lastKnownFileType = folder.assetcatalog; path = Assets.xcassets; sourceTree = "<group>"; };
		7A4958471DAF9C00006D4C41 /* Base */ = {isa = PBXFileReference; lastKnownFileType = file.storyboard; name = Base; path = Base.lproj/LaunchScreen.storyboard; sourceTree = "<group>"; };
		7A4958491DAF9C00006D4C41 /* Info.plist */ = {isa = PBXFileReference; lastKnownFileType = text.plist.xml; path = Info.plist; sourceTree = "<group>"; };
		7A49584E1DAF9C00006D4C41 /* HomepwnerTests.xctest */ = {isa = PBXFileReference; explicitFileType = wrapper.cfbundle; includeInIndex = 0; path = HomepwnerTests.xctest; sourceTree = BUILT_PRODUCTS_DIR; };
		7A4958521DAF9C00006D4C41 /* HomepwnerTests.m */ = {isa = PBXFileReference; lastKnownFileType = sourcecode.c.objc; path = HomepwnerTests.m; sourceTree = "<group>"; };
		7A4958541DAF9C00006D4C41 /* Info.plist */ = {isa = PBXFileReference; lastKnownFileType = text.plist.xml; path = Info.plist; sourceTree = "<group>"; };
		7A4958591DAF9C00006D4C41 /* HomepwnerUITests.xctest */ = {isa = PBXFileReference; explicitFileType = wrapper.cfbundle; includeInIndex = 0; path = HomepwnerUITests.xctest; sourceTree = BUILT_PRODUCTS_DIR; };
		7A49585D1DAF9C00006D4C41 /* HomepwnerUITests.m */ = {isa = PBXFileReference; lastKnownFileType = sourcecode.c.objc; path = HomepwnerUITests.m; sourceTree = "<group>"; };
		7A49585F1DAF9C00006D4C41 /* Info.plist */ = {isa = PBXFileReference; lastKnownFileType = text.plist.xml; path = Info.plist; sourceTree = "<group>"; };
		7A49586B1DAF9DD3006D4C41 /* MKItemsViewController.h */ = {isa = PBXFileReference; fileEncoding = 4; lastKnownFileType = sourcecode.c.h; path = MKItemsViewController.h; sourceTree = "<group>"; };
		7A49586C1DAF9DD3006D4C41 /* MKItemsViewController.m */ = {isa = PBXFileReference; fileEncoding = 4; lastKnownFileType = sourcecode.c.objc; path = MKItemsViewController.m; sourceTree = "<group>"; };
		7A49586E1DAFA08F006D4C41 /* MKItem.h */ = {isa = PBXFileReference; fileEncoding = 4; lastKnownFileType = sourcecode.c.h; path = MKItem.h; sourceTree = "<group>"; };
		7A49586F1DAFA08F006D4C41 /* MKItem.m */ = {isa = PBXFileReference; fileEncoding = 4; lastKnownFileType = sourcecode.c.objc; path = MKItem.m; sourceTree = "<group>"; };
		7A74BAFD1DBC577B00B50BD9 /* MKDetailViewController.h */ = {isa = PBXFileReference; fileEncoding = 4; lastKnownFileType = sourcecode.c.h; path = MKDetailViewController.h; sourceTree = "<group>"; };
		7A74BAFE1DBC577B00B50BD9 /* MKDetailViewController.m */ = {isa = PBXFileReference; fileEncoding = 4; lastKnownFileType = sourcecode.c.objc; path = MKDetailViewController.m; sourceTree = "<group>"; };
		7A74BAFF1DBC577B00B50BD9 /* MKDetailViewController.xib */ = {isa = PBXFileReference; fileEncoding = 4; lastKnownFileType = file.xib; path = MKDetailViewController.xib; sourceTree = "<group>"; };
		7A9E1C291DB07A5F0032D96B /* MKItemStore.h */ = {isa = PBXFileReference; fileEncoding = 4; lastKnownFileType = sourcecode.c.h; path = MKItemStore.h; sourceTree = "<group>"; };
		7A9E1C2A1DB07A5F0032D96B /* MKItemStore.m */ = {isa = PBXFileReference; fileEncoding = 4; lastKnownFileType = sourcecode.c.objc; path = MKItemStore.m; sourceTree = "<group>"; };
		7A9E1C2C1DB0D40A0032D96B /* HeaderView.xib */ = {isa = PBXFileReference; fileEncoding = 4; lastKnownFileType = file.xib; path = HeaderView.xib; sourceTree = "<group>"; };
/* End PBXFileReference section */

/* Begin PBXFrameworksBuildPhase section */
		7A4958321DAF9C00006D4C41 /* Frameworks */ = {
			isa = PBXFrameworksBuildPhase;
			buildActionMask = 2147483647;
			files = (
			);
			runOnlyForDeploymentPostprocessing = 0;
		};
		7A49584B1DAF9C00006D4C41 /* Frameworks */ = {
			isa = PBXFrameworksBuildPhase;
			buildActionMask = 2147483647;
			files = (
			);
			runOnlyForDeploymentPostprocessing = 0;
		};
		7A4958561DAF9C00006D4C41 /* Frameworks */ = {
			isa = PBXFrameworksBuildPhase;
			buildActionMask = 2147483647;
			files = (
			);
			runOnlyForDeploymentPostprocessing = 0;
		};
/* End PBXFrameworksBuildPhase section */

/* Begin PBXGroup section */
		7A49582C1DAF9C00006D4C41 = {
			isa = PBXGroup;
			children = (
				7A4958371DAF9C00006D4C41 /* Homepwner */,
				7A4958511DAF9C00006D4C41 /* HomepwnerTests */,
				7A49585C1DAF9C00006D4C41 /* HomepwnerUITests */,
				7A4958361DAF9C00006D4C41 /* Products */,
			);
			sourceTree = "<group>";
		};
		7A4958361DAF9C00006D4C41 /* Products */ = {
			isa = PBXGroup;
			children = (
				7A4958351DAF9C00006D4C41 /* Homepwner.app */,
				7A49584E1DAF9C00006D4C41 /* HomepwnerTests.xctest */,
				7A4958591DAF9C00006D4C41 /* HomepwnerUITests.xctest */,
			);
			name = Products;
			sourceTree = "<group>";
		};
		7A4958371DAF9C00006D4C41 /* Homepwner */ = {
			isa = PBXGroup;
			children = (
				7A49583B1DAF9C00006D4C41 /* AppDelegate.h */,
				7A49583C1DAF9C00006D4C41 /* AppDelegate.m */,
				7A49586E1DAFA08F006D4C41 /* MKItem.h */,
				7A49586F1DAFA08F006D4C41 /* MKItem.m */,
				7A9E1C291DB07A5F0032D96B /* MKItemStore.h */,
				7A9E1C2A1DB07A5F0032D96B /* MKItemStore.m */,
				7A49586B1DAF9DD3006D4C41 /* MKItemsViewController.h */,
				7A49586C1DAF9DD3006D4C41 /* MKItemsViewController.m */,
				7A74BAFD1DBC577B00B50BD9 /* MKDetailViewController.h */,
				7A74BAFE1DBC577B00B50BD9 /* MKDetailViewController.m */,
				7A74BAFF1DBC577B00B50BD9 /* MKDetailViewController.xib */,
				7A9E1C2C1DB0D40A0032D96B /* HeaderView.xib */,
				7A4958441DAF9C00006D4C41 /* Assets.xcassets */,
				7A4958461DAF9C00006D4C41 /* LaunchScreen.storyboard */,
				7A4958491DAF9C00006D4C41 /* Info.plist */,
				7A4958381DAF9C00006D4C41 /* Supporting Files */,
			);
			path = Homepwner;
			sourceTree = "<group>";
		};
		7A4958381DAF9C00006D4C41 /* Supporting Files */ = {
			isa = PBXGroup;
			children = (
				7A4958391DAF9C00006D4C41 /* main.m */,
			);
			name = "Supporting Files";
			sourceTree = "<group>";
		};
		7A4958511DAF9C00006D4C41 /* HomepwnerTests */ = {
			isa = PBXGroup;
			children = (
				7A4958521DAF9C00006D4C41 /* HomepwnerTests.m */,
				7A4958541DAF9C00006D4C41 /* Info.plist */,
			);
			path = HomepwnerTests;
			sourceTree = "<group>";
		};
		7A49585C1DAF9C00006D4C41 /* HomepwnerUITests */ = {
			isa = PBXGroup;
			children = (
				7A49585D1DAF9C00006D4C41 /* HomepwnerUITests.m */,
				7A49585F1DAF9C00006D4C41 /* Info.plist */,
			);
			path = HomepwnerUITests;
			sourceTree = "<group>";
		};
/* End PBXGroup section */

/* Begin PBXNativeTarget section */
		7A4958341DAF9C00006D4C41 /* Homepwner */ = {
			isa = PBXNativeTarget;
			buildConfigurationList = 7A4958621DAF9C00006D4C41 /* Build configuration list for PBXNativeTarget "Homepwner" */;
			buildPhases = (
				7A4958311DAF9C00006D4C41 /* Sources */,
				7A4958321DAF9C00006D4C41 /* Frameworks */,
				7A4958331DAF9C00006D4C41 /* Resources */,
			);
			buildRules = (
			);
			dependencies = (
			);
			name = Homepwner;
			productName = Homepwner;
			productReference = 7A4958351DAF9C00006D4C41 /* Homepwner.app */;
			productType = "com.apple.product-type.application";
		};
		7A49584D1DAF9C00006D4C41 /* HomepwnerTests */ = {
			isa = PBXNativeTarget;
			buildConfigurationList = 7A4958651DAF9C00006D4C41 /* Build configuration list for PBXNativeTarget "HomepwnerTests" */;
			buildPhases = (
				7A49584A1DAF9C00006D4C41 /* Sources */,
				7A49584B1DAF9C00006D4C41 /* Frameworks */,
				7A49584C1DAF9C00006D4C41 /* Resources */,
			);
			buildRules = (
			);
			dependencies = (
				7A4958501DAF9C00006D4C41 /* PBXTargetDependency */,
			);
			name = HomepwnerTests;
			productName = HomepwnerTests;
			productReference = 7A49584E1DAF9C00006D4C41 /* HomepwnerTests.xctest */;
			productType = "com.apple.product-type.bundle.unit-test";
		};
		7A4958581DAF9C00006D4C41 /* HomepwnerUITests */ = {
			isa = PBXNativeTarget;
			buildConfigurationList = 7A4958681DAF9C00006D4C41 /* Build configuration list for PBXNativeTarget "HomepwnerUITests" */;
			buildPhases = (
				7A4958551DAF9C00006D4C41 /* Sources */,
				7A4958561DAF9C00006D4C41 /* Frameworks */,
				7A4958571DAF9C00006D4C41 /* Resources */,
			);
			buildRules = (
			);
			dependencies = (
				7A49585B1DAF9C00006D4C41 /* PBXTargetDependency */,
			);
			name = HomepwnerUITests;
			productName = HomepwnerUITests;
			productReference = 7A4958591DAF9C00006D4C41 /* HomepwnerUITests.xctest */;
			productType = "com.apple.product-type.bundle.ui-testing";
		};
/* End PBXNativeTarget section */

/* Begin PBXProject section */
		7A49582D1DAF9C00006D4C41 /* Project object */ = {
			isa = PBXProject;
			attributes = {
				CLASSPREFIX = MK;
				LastUpgradeCheck = 0800;
				ORGANIZATIONNAME = mukang;
				TargetAttributes = {
					7A4958341DAF9C00006D4C41 = {
						CreatedOnToolsVersion = 8.0;
						DevelopmentTeam = VYB975MGFB;
						ProvisioningStyle = Automatic;
					};
					7A49584D1DAF9C00006D4C41 = {
						CreatedOnToolsVersion = 8.0;
						DevelopmentTeam = VYB975MGFB;
						ProvisioningStyle = Automatic;
						TestTargetID = 7A4958341DAF9C00006D4C41;
					};
					7A4958581DAF9C00006D4C41 = {
						CreatedOnToolsVersion = 8.0;
						DevelopmentTeam = VYB975MGFB;
						ProvisioningStyle = Automatic;
						TestTargetID = 7A4958341DAF9C00006D4C41;
					};
				};
			};
			buildConfigurationList = 7A4958301DAF9C00006D4C41 /* Build configuration list for PBXProject "Homepwner" */;
			compatibilityVersion = "Xcode 3.2";
			developmentRegion = English;
			hasScannedForEncodings = 0;
			knownRegions = (
				en,
				Base,
			);
			mainGroup = 7A49582C1DAF9C00006D4C41;
			productRefGroup = 7A4958361DAF9C00006D4C41 /* Products */;
			projectDirPath = "";
			projectRoot = "";
			targets = (
				7A4958341DAF9C00006D4C41 /* Homepwner */,
				7A49584D1DAF9C00006D4C41 /* HomepwnerTests */,
				7A4958581DAF9C00006D4C41 /* HomepwnerUITests */,
			);
		};
/* End PBXProject section */

/* Begin PBXResourcesBuildPhase section */
		7A4958331DAF9C00006D4C41 /* Resources */ = {
			isa = PBXResourcesBuildPhase;
			buildActionMask = 2147483647;
			files = (
				7A9E1C2D1DB0D40A0032D96B /* HeaderView.xib in Resources */,
				7A74BB011DBC577B00B50BD9 /* MKDetailViewController.xib in Resources */,
				7A4958481DAF9C00006D4C41 /* LaunchScreen.storyboard in Resources */,
				7A4958451DAF9C00006D4C41 /* Assets.xcassets in Resources */,
			);
			runOnlyForDeploymentPostprocessing = 0;
		};
		7A49584C1DAF9C00006D4C41 /* Resources */ = {
			isa = PBXResourcesBuildPhase;
			buildActionMask = 2147483647;
			files = (
			);
			runOnlyForDeploymentPostprocessing = 0;
		};
		7A4958571DAF9C00006D4C41 /* Resources */ = {
			isa = PBXResourcesBuildPhase;
			buildActionMask = 2147483647;
			files = (
			);
			runOnlyForDeploymentPostprocessing = 0;
		};
/* End PBXResourcesBuildPhase section */

/* Begin PBXSourcesBuildPhase section */
		7A4958311DAF9C00006D4C41 /* Sources */ = {
			isa = PBXSourcesBuildPhase;
			buildActionMask = 2147483647;
			files = (
				7A49583D1DAF9C00006D4C41 /* AppDelegate.m in Sources */,
				7A74BB001DBC577B00B50BD9 /* MKDetailViewController.m in Sources */,
				7A9E1C2B1DB07A5F0032D96B /* MKItemStore.m in Sources */,
				7A49583A1DAF9C00006D4C41 /* main.m in Sources */,
				7A4958701DAFA08F006D4C41 /* MKItem.m in Sources */,
				7A49586D1DAF9DD3006D4C41 /* MKItemsViewController.m in Sources */,
			);
			runOnlyForDeploymentPostprocessing = 0;
		};
		7A49584A1DAF9C00006D4C41 /* Sources */ = {
			isa = PBXSourcesBuildPhase;
			buildActionMask = 2147483647;
			files = (
				7A4958531DAF9C00006D4C41 /* HomepwnerTests.m in Sources */,
			);
			runOnlyForDeploymentPostprocessing = 0;
		};
		7A4958551DAF9C00006D4C41 /* Sources */ = {
			isa = PBXSourcesBuildPhase;
			buildActionMask = 2147483647;
			files = (
				7A49585E1DAF9C00006D4C41 /* HomepwnerUITests.m in Sources */,
			);
			runOnlyForDeploymentPostprocessing = 0;
		};
/* End PBXSourcesBuildPhase section */

/* Begin PBXTargetDependency section */
		7A4958501DAF9C00006D4C41 /* PBXTargetDependency */ = {
			isa = PBXTargetDependency;
			target = 7A4958341DAF9C00006D4C41 /* Homepwner */;
			targetProxy = 7A49584F1DAF9C00006D4C41 /* PBXContainerItemProxy */;
		};
		7A49585B1DAF9C00006D4C41 /* PBXTargetDependency */ = {
			isa = PBXTargetDependency;
			target = 7A4958341DAF9C00006D4C41 /* Homepwner */;
			targetProxy = 7A49585A1DAF9C00006D4C41 /* PBXContainerItemProxy */;
		};
/* End PBXTargetDependency section */

/* Begin PBXVariantGroup section */
		7A4958461DAF9C00006D4C41 /* LaunchScreen.storyboard */ = {
			isa = PBXVariantGroup;
			children = (
				7A4958471DAF9C00006D4C41 /* Base */,
			);
			name = LaunchScreen.storyboard;
			sourceTree = "<group>";
		};
/* End PBXVariantGroup section */

/* Begin XCBuildConfiguration section */
		7A4958601DAF9C00006D4C41 /* Debug */ = {
			isa = XCBuildConfiguration;
			buildSettings = {
				ALWAYS_SEARCH_USER_PATHS = NO;
				CLANG_ANALYZER_NONNULL = YES;
				CLANG_CXX_LANGUAGE_STANDARD = "gnu++0x";
				CLANG_CXX_LIBRARY = "libc++";
				CLANG_ENABLE_MODULES = YES;
				CLANG_ENABLE_OBJC_ARC = YES;
				CLANG_WARN_BOOL_CONVERSION = YES;
				CLANG_WARN_CONSTANT_CONVERSION = YES;
				CLANG_WARN_DIRECT_OBJC_ISA_USAGE = YES_ERROR;
				CLANG_WARN_DOCUMENTATION_COMMENTS = YES;
				CLANG_WARN_EMPTY_BODY = YES;
				CLANG_WARN_ENUM_CONVERSION = YES;
				CLANG_WARN_INFINITE_RECURSION = YES;
				CLANG_WARN_INT_CONVERSION = YES;
				CLANG_WARN_OBJC_ROOT_CLASS = YES_ERROR;
				CLANG_WARN_SUSPICIOUS_MOVES = YES;
				CLANG_WARN_UNREACHABLE_CODE = YES;
				CLANG_WARN__DUPLICATE_METHOD_MATCH = YES;
				"CODE_SIGN_IDENTITY[sdk=iphoneos*]" = "iPhone Developer";
				COPY_PHASE_STRIP = NO;
				DEBUG_INFORMATION_FORMAT = dwarf;
				ENABLE_STRICT_OBJC_MSGSEND = YES;
				ENABLE_TESTABILITY = YES;
				GCC_C_LANGUAGE_STANDARD = gnu99;
				GCC_DYNAMIC_NO_PIC = NO;
				GCC_NO_COMMON_BLOCKS = YES;
				GCC_OPTIMIZATION_LEVEL = 0;
				GCC_PREPROCESSOR_DEFINITIONS = (
					"DEBUG=1",
					"$(inherited)",
				);
				GCC_WARN_64_TO_32_BIT_CONVERSION = YES;
				GCC_WARN_ABOUT_RETURN_TYPE = YES_ERROR;
				GCC_WARN_UNDECLARED_SELECTOR = YES;
				GCC_WARN_UNINITIALIZED_AUTOS = YES_AGGRESSIVE;
				GCC_WARN_UNUSED_FUNCTION = YES;
				GCC_WARN_UNUSED_VARIABLE = YES;
				IPHONEOS_DEPLOYMENT_TARGET = 10.0;
				MTL_ENABLE_DEBUG_INFO = YES;
				ONLY_ACTIVE_ARCH = YES;
				SDKROOT = iphoneos;
			};
			name = Debug;
		};
		7A4958611DAF9C00006D4C41 /* Release */ = {
			isa = XCBuildConfiguration;
			buildSettings = {
				ALWAYS_SEARCH_USER_PATHS = NO;
				CLANG_ANALYZER_NONNULL = YES;
				CLANG_CXX_LANGUAGE_STANDARD = "gnu++0x";
				CLANG_CXX_LIBRARY = "libc++";
				CLANG_ENABLE_MODULES = YES;
				CLANG_ENABLE_OBJC_ARC = YES;
				CLANG_WARN_BOOL_CONVERSION = YES;
				CLANG_WARN_CONSTANT_CONVERSION = YES;
				CLANG_WARN_DIRECT_OBJC_ISA_USAGE = YES_ERROR;
				CLANG_WARN_DOCUMENTATION_COMMENTS = YES;
				CLANG_WARN_EMPTY_BODY = YES;
				CLANG_WARN_ENUM_CONVERSION = YES;
				CLANG_WARN_INFINITE_RECURSION = YES;
				CLANG_WARN_INT_CONVERSION = YES;
				CLANG_WARN_OBJC_ROOT_CLASS = YES_ERROR;
				CLANG_WARN_SUSPICIOUS_MOVES = YES;
				CLANG_WARN_UNREACHABLE_CODE = YES;
				CLANG_WARN__DUPLICATE_METHOD_MATCH = YES;
				"CODE_SIGN_IDENTITY[sdk=iphoneos*]" = "iPhone Developer";
				COPY_PHASE_STRIP = NO;
				DEBUG_INFORMATION_FORMAT = "dwarf-with-dsym";
				ENABLE_NS_ASSERTIONS = NO;
				ENABLE_STRICT_OBJC_MSGSEND = YES;
				GCC_C_LANGUAGE_STANDARD = gnu99;
				GCC_NO_COMMON_BLOCKS = YES;
				GCC_WARN_64_TO_32_BIT_CONVERSION = YES;
				GCC_WARN_ABOUT_RETURN_TYPE = YES_ERROR;
				GCC_WARN_UNDECLARED_SELECTOR = YES;
				GCC_WARN_UNINITIALIZED_AUTOS = YES_AGGRESSIVE;
				GCC_WARN_UNUSED_FUNCTION = YES;
				GCC_WARN_UNUSED_VARIABLE = YES;
				IPHONEOS_DEPLOYMENT_TARGET = 10.0;
				MTL_ENABLE_DEBUG_INFO = NO;
				SDKROOT = iphoneos;
				VALIDATE_PRODUCT = YES;
			};
			name = Release;
		};
		7A4958631DAF9C00006D4C41 /* Debug */ = {
			isa = XCBuildConfiguration;
			buildSettings = {
				ASSETCATALOG_COMPILER_APPICON_NAME = AppIcon;
				DEVELOPMENT_TEAM = VYB975MGFB;
				INFOPLIST_FILE = Homepwner/Info.plist;
				LD_RUNPATH_SEARCH_PATHS = "$(inherited) @executable_path/Frameworks";
				PRODUCT_BUNDLE_IDENTIFIER = com.mukang.Homepwner;
				PRODUCT_NAME = "$(TARGET_NAME)";
			};
			name = Debug;
		};
		7A4958641DAF9C00006D4C41 /* Release */ = {
			isa = XCBuildConfiguration;
			buildSettings = {
				ASSETCATALOG_COMPILER_APPICON_NAME = AppIcon;
				DEVELOPMENT_TEAM = VYB975MGFB;
				INFOPLIST_FILE = Homepwner/Info.plist;
				LD_RUNPATH_SEARCH_PATHS = "$(inherited) @executable_path/Frameworks";
				PRODUCT_BUNDLE_IDENTIFIER = com.mukang.Homepwner;
				PRODUCT_NAME = "$(TARGET_NAME)";
			};
			name = Release;
		};
		7A4958661DAF9C00006D4C41 /* Debug */ = {
			isa = XCBuildConfiguration;
			buildSettings = {
				BUNDLE_LOADER = "$(TEST_HOST)";
				DEVELOPMENT_TEAM = VYB975MGFB;
				INFOPLIST_FILE = HomepwnerTests/Info.plist;
				LD_RUNPATH_SEARCH_PATHS = "$(inherited) @executable_path/Frameworks @loader_path/Frameworks";
				PRODUCT_BUNDLE_IDENTIFIER = com.mukang.HomepwnerTests;
				PRODUCT_NAME = "$(TARGET_NAME)";
				TEST_HOST = "$(BUILT_PRODUCTS_DIR)/Homepwner.app/Homepwner";
			};
			name = Debug;
		};
		7A4958671DAF9C00006D4C41 /* Release */ = {
			isa = XCBuildConfiguration;
			buildSettings = {
				BUNDLE_LOADER = "$(TEST_HOST)";
				DEVELOPMENT_TEAM = VYB975MGFB;
				INFOPLIST_FILE = HomepwnerTests/Info.plist;
				LD_RUNPATH_SEARCH_PATHS = "$(inherited) @executable_path/Frameworks @loader_path/Frameworks";
				PRODUCT_BUNDLE_IDENTIFIER = com.mukang.HomepwnerTests;
				PRODUCT_NAME = "$(TARGET_NAME)";
				TEST_HOST = "$(BUILT_PRODUCTS_DIR)/Homepwner.app/Homepwner";
			};
			name = Release;
		};
		7A4958691DAF9C00006D4C41 /* Debug */ = {
			isa = XCBuildConfiguration;
			buildSettings = {
				DEVELOPMENT_TEAM = VYB975MGFB;
				INFOPLIST_FILE = HomepwnerUITests/Info.plist;
				LD_RUNPATH_SEARCH_PATHS = "$(inherited) @executable_path/Frameworks @loader_path/Frameworks";
				PRODUCT_BUNDLE_IDENTIFIER = com.mukang.HomepwnerUITests;
				PRODUCT_NAME = "$(TARGET_NAME)";
				TEST_TARGET_NAME = Homepwner;
			};
			name = Debug;
		};
		7A49586A1DAF9C00006D4C41 /* Release */ = {
			isa = XCBuildConfiguration;
			buildSettings = {
				DEVELOPMENT_TEAM = VYB975MGFB;
				INFOPLIST_FILE = HomepwnerUITests/Info.plist;
				LD_RUNPATH_SEARCH_PATHS = "$(inherited) @executable_path/Frameworks @loader_path/Frameworks";
				PRODUCT_BUNDLE_IDENTIFIER = com.mukang.HomepwnerUITests;
				PRODUCT_NAME = "$(TARGET_NAME)";
				TEST_TARGET_NAME = Homepwner;
			};
			name = Release;
		};
/* End XCBuildConfiguration section */

/* Begin XCConfigurationList section */
		7A4958301DAF9C00006D4C41 /* Build configuration list for PBXProject "Homepwner" */ = {
			isa = XCConfigurationList;
			buildConfigurations = (
				7A4958601DAF9C00006D4C41 /* Debug */,
				7A4958611DAF9C00006D4C41 /* Release */,
			);
			defaultConfigurationIsVisible = 0;
			defaultConfigurationName = Release;
		};
		7A4958621DAF9C00006D4C41 /* Build configuration list for PBXNativeTarget "Homepwner" */ = {
			isa = XCConfigurationList;
			buildConfigurations = (
				7A4958631DAF9C00006D4C41 /* Debug */,
				7A4958641DAF9C00006D4C41 /* Release */,
			);
			defaultConfigurationIsVisible = 0;
			defaultConfigurationName = Release;
		};
		7A4958651DAF9C00006D4C41 /* Build configuration list for PBXNativeTarget "HomepwnerTests" */ = {
			isa = XCConfigurationList;
			buildConfigurations = (
				7A4958661DAF9C00006D4C41 /* Debug */,
				7A4958671DAF9C00006D4C41 /* Release */,
			);
			defaultConfigurationIsVisible = 0;
			defaultConfigurationName = Release;
		};
		7A4958681DAF9C00006D4C41 /* Build configuration list for PBXNativeTarget "HomepwnerUITests" */ = {
			isa = XCConfigurationList;
			buildConfigurations = (
				7A4958691DAF9C00006D4C41 /* Debug */,
				7A49586A1DAF9C00006D4C41 /* Release */,
			);
			defaultConfigurationIsVisible = 0;
			defaultConfigurationName = Release;
		};
/* End XCConfigurationList section */
	};
	rootObject = 7A49582D1DAF9C00006D4C41 /* Project object */;
}
